// !$*UTF8*$!
{
	archiveVersion = 1;
	classes = {
	};
	objectVersion = 50;
	objects = {

/* Begin PBXBuildFile section */
		585BB2532083D03000A03EEA /* AppDelegate.swift in Sources */ = {isa = PBXBuildFile; fileRef = 585BB2522083D03000A03EEA /* AppDelegate.swift */; };
		585BB2582083D03000A03EEA /* Main.storyboard in Resources */ = {isa = PBXBuildFile; fileRef = 585BB2562083D03000A03EEA /* Main.storyboard */; };
		585BB25B2083D03000A03EEA /* Contacts.xcdatamodeld in Sources */ = {isa = PBXBuildFile; fileRef = 585BB2592083D03000A03EEA /* Contacts.xcdatamodeld */; };
		585BB25D2083D03100A03EEA /* Assets.xcassets in Resources */ = {isa = PBXBuildFile; fileRef = 585BB25C2083D03100A03EEA /* Assets.xcassets */; };
		585BB2602083D03100A03EEA /* LaunchScreen.storyboard in Resources */ = {isa = PBXBuildFile; fileRef = 585BB25E2083D03100A03EEA /* LaunchScreen.storyboard */; };
		585BB26A2083D34500A03EEA /* CustomTableViewCell.swift in Sources */ = {isa = PBXBuildFile; fileRef = 585BB2692083D34500A03EEA /* CustomTableViewCell.swift */; };
		585BB26C2083D39400A03EEA /* MainViewController.swift in Sources */ = {isa = PBXBuildFile; fileRef = 585BB26B2083D39400A03EEA /* MainViewController.swift */; };
		585BB26E20841AE200A03EEA /* DetailViewController.swift in Sources */ = {isa = PBXBuildFile; fileRef = 585BB26D20841AE200A03EEA /* DetailViewController.swift */; };
		587C88FA2084E20200FFFAEC /* DataManager.swift in Sources */ = {isa = PBXBuildFile; fileRef = 587C88F92084E20200FFFAEC /* DataManager.swift */; };
/* End PBXBuildFile section */

/* Begin PBXFileReference section */
		585BB24F2083D03000A03EEA /* Contacts.app */ = {isa = PBXFileReference; explicitFileType = wrapper.application; includeInIndex = 0; path = Contacts.app; sourceTree = BUILT_PRODUCTS_DIR; };
		585BB2522083D03000A03EEA /* AppDelegate.swift */ = {isa = PBXFileReference; lastKnownFileType = sourcecode.swift; path = AppDelegate.swift; sourceTree = "<group>"; };
		585BB2572083D03000A03EEA /* Base */ = {isa = PBXFileReference; lastKnownFileType = file.storyboard; name = Base; path = Base.lproj/Main.storyboard; sourceTree = "<group>"; };
		585BB25A2083D03000A03EEA /* Contacts.xcdatamodel */ = {isa = PBXFileReference; lastKnownFileType = wrapper.xcdatamodel; path = Contacts.xcdatamodel; sourceTree = "<group>"; };
		585BB25C2083D03100A03EEA /* Assets.xcassets */ = {isa = PBXFileReference; lastKnownFileType = folder.assetcatalog; path = Assets.xcassets; sourceTree = "<group>"; };
		585BB25F2083D03100A03EEA /* Base */ = {isa = PBXFileReference; lastKnownFileType = file.storyboard; name = Base; path = Base.lproj/LaunchScreen.storyboard; sourceTree = "<group>"; };
		585BB2612083D03100A03EEA /* Info.plist */ = {isa = PBXFileReference; lastKnownFileType = text.plist.xml; path = Info.plist; sourceTree = "<group>"; };
		585BB2692083D34500A03EEA /* CustomTableViewCell.swift */ = {isa = PBXFileReference; lastKnownFileType = sourcecode.swift; path = CustomTableViewCell.swift; sourceTree = "<group>"; };
		585BB26B2083D39400A03EEA /* MainViewController.swift */ = {isa = PBXFileReference; lastKnownFileType = sourcecode.swift; path = MainViewController.swift; sourceTree = "<group>"; };
		585BB26D20841AE200A03EEA /* DetailViewController.swift */ = {isa = PBXFileReference; lastKnownFileType = sourcecode.swift; path = DetailViewController.swift; sourceTree = "<group>"; };
		587C88F92084E20200FFFAEC /* DataManager.swift */ = {isa = PBXFileReference; lastKnownFileType = sourcecode.swift; path = DataManager.swift; sourceTree = "<group>"; };
/* End PBXFileReference section */

/* Begin PBXFrameworksBuildPhase section */
		585BB24C2083D03000A03EEA /* Frameworks */ = {
			isa = PBXFrameworksBuildPhase;
			buildActionMask = 2147483647;
			files = (
			);
			runOnlyForDeploymentPostprocessing = 0;
		};
/* End PBXFrameworksBuildPhase section */

/* Begin PBXGroup section */
		585BB2462083D03000A03EEA = {
			isa = PBXGroup;
			children = (
				585BB2512083D03000A03EEA /* Contacts */,
				585BB2502083D03000A03EEA /* Products */,
			);
			sourceTree = "<group>";
		};
		585BB2502083D03000A03EEA /* Products */ = {
			isa = PBXGroup;
			children = (
				585BB24F2083D03000A03EEA /* Contacts.app */,
			);
			name = Products;
			sourceTree = "<group>";
		};
		585BB2512083D03000A03EEA /* Contacts */ = {
			isa = PBXGroup;
			children = (
				585BB2522083D03000A03EEA /* AppDelegate.swift */,
				585BB2562083D03000A03EEA /* Main.storyboard */,
				585BB26B2083D39400A03EEA /* MainViewController.swift */,
				585BB2692083D34500A03EEA /* CustomTableViewCell.swift */,
				585BB26D20841AE200A03EEA /* DetailViewController.swift */,
				587C88F92084E20200FFFAEC /* DataManager.swift */,
				585BB25C2083D03100A03EEA /* Assets.xcassets */,
				585BB25E2083D03100A03EEA /* LaunchScreen.storyboard */,
				585BB2612083D03100A03EEA /* Info.plist */,
				585BB2592083D03000A03EEA /* Contacts.xcdatamodeld */,
			);
			path = Contacts;
			sourceTree = "<group>";
		};
/* End PBXGroup section */

/* Begin PBXNativeTarget section */
		585BB24E2083D03000A03EEA /* Contacts */ = {
			isa = PBXNativeTarget;
			buildConfigurationList = 585BB2642083D03100A03EEA /* Build configuration list for PBXNativeTarget "Contacts" */;
			buildPhases = (
				585BB24B2083D03000A03EEA /* Sources */,
				585BB24C2083D03000A03EEA /* Frameworks */,
				585BB24D2083D03000A03EEA /* Resources */,
			);
			buildRules = (
			);
			dependencies = (
			);
			name = Contacts;
			productName = Contacts;
			productReference = 585BB24F2083D03000A03EEA /* Contacts.app */;
			productType = "com.apple.product-type.application";
		};
/* End PBXNativeTarget section */

/* Begin PBXProject section */
		585BB2472083D03000A03EEA /* Project object */ = {
			isa = PBXProject;
			attributes = {
				LastSwiftUpdateCheck = 0930;
				LastUpgradeCheck = 0930;
				ORGANIZATIONNAME = "Eric Gregor";
				TargetAttributes = {
					585BB24E2083D03000A03EEA = {
						CreatedOnToolsVersion = 9.3;
					};
				};
			};
			buildConfigurationList = 585BB24A2083D03000A03EEA /* Build configuration list for PBXProject "Contacts" */;
			compatibilityVersion = "Xcode 9.3";
			developmentRegion = en;
			hasScannedForEncodings = 0;
			knownRegions = (
				en,
				Base,
			);
			mainGroup = 585BB2462083D03000A03EEA;
			productRefGroup = 585BB2502083D03000A03EEA /* Products */;
			projectDirPath = "";
			projectRoot = "";
			targets = (
				585BB24E2083D03000A03EEA /* Contacts */,
			);
		};
/* End PBXProject section */

/* Begin PBXResourcesBuildPhase section */
		585BB24D2083D03000A03EEA /* Resources */ = {
			isa = PBXResourcesBuildPhase;
			buildActionMask = 2147483647;
			files = (
				585BB2602083D03100A03EEA /* LaunchScreen.storyboard in Resources */,
				585BB25D2083D03100A03EEA /* Assets.xcassets in Resources */,
				585BB2582083D03000A03EEA /* Main.storyboard in Resources */,
			);
			runOnlyForDeploymentPostprocessing = 0;
		};
/* End PBXResourcesBuildPhase section */

/* Begin PBXSourcesBuildPhase section */
		585BB24B2083D03000A03EEA /* Sources */ = {
			isa = PBXSourcesBuildPhase;
			buildActionMask = 2147483647;
			files = (
				585BB26A2083D34500A03EEA /* CustomTableViewCell.swift in Sources */,
				585BB26C2083D39400A03EEA /* MainViewController.swift in Sources */,
				587C88FA2084E20200FFFAEC /* DataManager.swift in Sources */,
				585BB26E20841AE200A03EEA /* DetailViewController.swift in Sources */,
				585BB2532083D03000A03EEA /* AppDelegate.swift in Sources */,
				585BB25B2083D03000A03EEA /* Contacts.xcdatamodeld in Sources */,
			);
			runOnlyForDeploymentPostprocessing = 0;
		};
/* End PBXSourcesBuildPhase section */

/* Begin PBXVariantGroup section */
		585BB2562083D03000A03EEA /* Main.storyboard */ = {
			isa = PBXVariantGroup;
			children = (
				585BB2572083D03000A03EEA /* Base */,
			);
			name = Main.storyboard;
			sourceTree = "<group>";
		};
		585BB25E2083D03100A03EEA /* LaunchScreen.storyboard */ = {
			isa = PBXVariantGroup;
			children = (
				585BB25F2083D03100A03EEA /* Base */,
			);
			name = LaunchScreen.storyboard;
			sourceTree = "<group>";
		};
/* End PBXVariantGroup section */

/* Begin XCBuildConfiguration section */
		585BB2622083D03100A03EEA /* Debug */ = {
			isa = XCBuildConfiguration;
			buildSettings = {
				ALWAYS_SEARCH_USER_PATHS = NO;
				CLANG_ANALYZER_NONNULL = YES;
				CLANG_ANALYZER_NUMBER_OBJECT_CONVERSION = YES_AGGRESSIVE;
				CLANG_CXX_LANGUAGE_STANDARD = "gnu++14";
				CLANG_CXX_LIBRARY = "libc++";
				CLANG_ENABLE_MODULES = YES;
				CLANG_ENABLE_OBJC_ARC = YES;
				CLANG_ENABLE_OBJC_WEAK = YES;
				CLANG_WARN_BLOCK_CAPTURE_AUTORELEASING = YES;
				CLANG_WARN_BOOL_CONVERSION = YES;
				CLANG_WARN_COMMA = YES;
				CLANG_WARN_CONSTANT_CONVERSION = YES;
				CLANG_WARN_DEPRECATED_OBJC_IMPLEMENTATIONS = YES;
				CLANG_WARN_DIRECT_OBJC_ISA_USAGE = YES_ERROR;
				CLANG_WARN_DOCUMENTATION_COMMENTS = YES;
				CLANG_WARN_EMPTY_BODY = YES;
				CLANG_WARN_ENUM_CONVERSION = YES;
				CLANG_WARN_INFINITE_RECURSION = YES;
				CLANG_WARN_INT_CONVERSION = YES;
				CLANG_WARN_NON_LITERAL_NULL_CONVERSION = YES;
				CLANG_WARN_OBJC_IMPLICIT_RETAIN_SELF = YES;
				CLANG_WARN_OBJC_LITERAL_CONVERSION = YES;
				CLANG_WARN_OBJC_ROOT_CLASS = YES_ERROR;
				CLANG_WARN_RANGE_LOOP_ANALYSIS = YES;
				CLANG_WARN_STRICT_PROTOTYPES = YES;
				CLANG_WARN_SUSPICIOUS_MOVE = YES;
				CLANG_WARN_UNGUARDED_AVAILABILITY = YES_AGGRESSIVE;
				CLANG_WARN_UNREACHABLE_CODE = YES;
				CLANG_WARN__DUPLICATE_METHOD_MATCH = YES;
				CODE_SIGN_IDENTITY = "iPhone Developer";
				COPY_PHASE_STRIP = NO;
				DEBUG_INFORMATION_FORMAT = dwarf;
				ENABLE_STRICT_OBJC_MSGSEND = YES;
				ENABLE_TESTABILITY = YES;
				GCC_C_LANGUAGE_STANDARD = gnu11;
				GCC_DYNAMIC_NO_PIC = NO;
				GCC_NO_COMMON_BLOCKS = YES;
				GCC_OPTIMIZATION_LEVEL = 0;
				GCC_PREPROCESSOR_DEFINITIONS = (
					"DEBUG=1",
					"$(inherited)",
				);
				GCC_WARN_64_TO_32_BIT_CONVERSION = YES;
				GCC_WARN_ABOUT_RETURN_TYPE = YES_ERROR;
				GCC_WARN_UNDECLARED_SELECTOR = YES;
				GCC_WARN_UNINITIALIZED_AUTOS = YES_AGGRESSIVE;
				GCC_WARN_UNUSED_FUNCTION = YES;
				GCC_WARN_UNUSED_VARIABLE = YES;
				IPHONEOS_DEPLOYMENT_TARGET = 11.3;
				MTL_ENABLE_DEBUG_INFO = YES;
				ONLY_ACTIVE_ARCH = YES;
				SDKROOT = iphoneos;
				SWIFT_ACTIVE_COMPILATION_CONDITIONS = DEBUG;
				SWIFT_OPTIMIZATION_LEVEL = "-Onone";
			};
			name = Debug;
		};
		585BB2632083D03100A03EEA /* Release */ = {
			isa = XCBuildConfiguration;
			buildSettings = {
				ALWAYS_SEARCH_USER_PATHS = NO;
				CLANG_ANALYZER_NONNULL = YES;
				CLANG_ANALYZER_NUMBER_OBJECT_CONVERSION = YES_AGGRESSIVE;
				CLANG_CXX_LANGUAGE_STANDARD = "gnu++14";
				CLANG_CXX_LIBRARY = "libc++";
				CLANG_ENABLE_MODULES = YES;
				CLANG_ENABLE_OBJC_ARC = YES;
				CLANG_ENABLE_OBJC_WEAK = YES;
				CLANG_WARN_BLOCK_CAPTURE_AUTORELEASING = YES;
				CLANG_WARN_BOOL_CONVERSION = YES;
				CLANG_WARN_COMMA = YES;
				CLANG_WARN_CONSTANT_CONVERSION = YES;
				CLANG_WARN_DEPRECATED_OBJC_IMPLEMENTATIONS = YES;
				CLANG_WARN_DIRECT_OBJC_ISA_USAGE = YES_ERROR;
				CLANG_WARN_DOCUMENTATION_COMMENTS = YES;
				CLANG_WARN_EMPTY_BODY = YES;
				CLANG_WARN_ENUM_CONVERSION = YES;
				CLANG_WARN_INFINITE_RECURSION = YES;
				CLANG_WARN_INT_CONVERSION = YES;
				CLANG_WARN_NON_LITERAL_NULL_CONVERSION = YES;
				CLANG_WARN_OBJC_IMPLICIT_RETAIN_SELF = YES;
				CLANG_WARN_OBJC_LITERAL_CONVERSION = YES;
				CLANG_WARN_OBJC_ROOT_CLASS = YES_ERROR;
				CLANG_WARN_RANGE_LOOP_ANALYSIS = YES;
				CLANG_WARN_STRICT_PROTOTYPES = YES;
				CLANG_WARN_SUSPICIOUS_MOVE = YES;
				CLANG_WARN_UNGUARDED_AVAILABILITY = YES_AGGRESSIVE;
				CLANG_WARN_UNREACHABLE_CODE = YES;
				CLANG_WARN__DUPLICATE_METHOD_MATCH = YES;
				CODE_SIGN_IDENTITY = "iPhone Developer";
				COPY_PHASE_STRIP = NO;
				DEBUG_INFORMATION_FORMAT = "dwarf-with-dsym";
				ENABLE_NS_ASSERTIONS = NO;
				ENABLE_STRICT_OBJC_MSGSEND = YES;
				GCC_C_LANGUAGE_STANDARD = gnu11;
				GCC_NO_COMMON_BLOCKS = YES;
				GCC_WARN_64_TO_32_BIT_CONVERSION = YES;
				GCC_WARN_ABOUT_RETURN_TYPE = YES_ERROR;
				GCC_WARN_UNDECLARED_SELECTOR = YES;
				GCC_WARN_UNINITIALIZED_AUTOS = YES_AGGRESSIVE;
				GCC_WARN_UNUSED_FUNCTION = YES;
				GCC_WARN_UNUSED_VARIABLE = YES;
				IPHONEOS_DEPLOYMENT_TARGET = 11.3;
				MTL_ENABLE_DEBUG_INFO = NO;
				SDKROOT = iphoneos;
				SWIFT_COMPILATION_MODE = wholemodule;
				SWIFT_OPTIMIZATION_LEVEL = "-O";
				VALIDATE_PRODUCT = YES;
			};
			name = Release;
		};
		585BB2652083D03100A03EEA /* Debug */ = {
			isa = XCBuildConfiguration;
			buildSettings = {
				ASSETCATALOG_COMPILER_APPICON_NAME = AppIcon;
				CODE_SIGN_STYLE = Automatic;
				DEVELOPMENT_TEAM = 573K3JNJS6;
				INFOPLIST_FILE = Contacts/Info.plist;
				LD_RUNPATH_SEARCH_PATHS = (
					"$(inherited)",
					"@executable_path/Frameworks",
				);
				PRODUCT_BUNDLE_IDENTIFIER = ericgregor.Contacts;
				PRODUCT_NAME = "$(TARGET_NAME)";
				SWIFT_VERSION = 4.0;
				TARGETED_DEVICE_FAMILY = "1,2";
			};
			name = Debug;
		};
		585BB2662083D03100A03EEA /* Release */ = {
			isa = XCBuildConfiguration;
			buildSettings = {
				ASSETCATALOG_COMPILER_APPICON_NAME = AppIcon;
				CODE_SIGN_STYLE = Automatic;
				DEVELOPMENT_TEAM = 573K3JNJS6;
				INFOPLIST_FILE = Contacts/Info.plist;
				LD_RUNPATH_SEARCH_PATHS = (
					"$(inherited)",
					"@executable_path/Frameworks",
				);
				PRODUCT_BUNDLE_IDENTIFIER = ericgregor.Contacts;
				PRODUCT_NAME = "$(TARGET_NAME)";
				SWIFT_VERSION = 4.0;
				TARGETED_DEVICE_FAMILY = "1,2";
			};
			name = Release;
		};
/* End XCBuildConfiguration section */

/* Begin XCConfigurationList section */
		585BB24A2083D03000A03EEA /* Build configuration list for PBXProject "Contacts" */ = {
			isa = XCConfigurationList;
			buildConfigurations = (
				585BB2622083D03100A03EEA /* Debug */,
				585BB2632083D03100A03EEA /* Release */,
			);
			defaultConfigurationIsVisible = 0;
			defaultConfigurationName = Release;
		};
		585BB2642083D03100A03EEA /* Build configuration list for PBXNativeTarget "Contacts" */ = {
			isa = XCConfigurationList;
			buildConfigurations = (
				585BB2652083D03100A03EEA /* Debug */,
				585BB2662083D03100A03EEA /* Release */,
			);
			defaultConfigurationIsVisible = 0;
			defaultConfigurationName = Release;
		};
/* End XCConfigurationList section */

/* Begin XCVersionGroup section */
		585BB2592083D03000A03EEA /* Contacts.xcdatamodeld */ = {
			isa = XCVersionGroup;
			children = (
				585BB25A2083D03000A03EEA /* Contacts.xcdatamodel */,
			);
			currentVersion = 585BB25A2083D03000A03EEA /* Contacts.xcdatamodel */;
			path = Contacts.xcdatamodeld;
			sourceTree = "<group>";
			versionGroupType = wrapper.xcdatamodel;
		};
/* End XCVersionGroup section */
	};
	rootObject = 585BB2472083D03000A03EEA /* Project object */;
}
